
Microsoft Visual Studio Solution File, Format Version 12.00
# Visual Studio Version 16
VisualStudioVersion = 16.0.30621.155
MinimumVisualStudioVersion = 10.0.40219.1
Project("{9A19103F-16F7-4668-BE54-9A1E7A4F7556}") = "Web", "Web\Web.csproj", "{128619B8-890C-4CAB-A0F6-7377AF439A76}"
EndProject
Project("{9A19103F-16F7-4668-BE54-9A1E7A4F7556}") = "Core", "Core\Core.csproj", "{3EE499DE-CF4D-4B10-AAE6-3774892C0000}"
EndProject
Project("{9A19103F-16F7-4668-BE54-9A1E7A4F7556}") = "Infrastructure", "Infrastructure\Infrastructure.csproj", "{56E1E9A4-6E9E-4E84-8C42-FE2F51A18E8D}"
EndProject
Global
	GlobalSection(SolutionConfigurationPlatforms) = preSolution
		Debug|Any CPU = Debug|Any CPU
		Release|Any CPU = Release|Any CPU
	EndGlobalSection
	GlobalSection(ProjectConfigurationPlatforms) = postSolution
		{128619B8-890C-4CAB-A0F6-7377AF439A76}.Debug|Any CPU.ActiveCfg = Debug|Any CPU
		{128619B8-890C-4CAB-A0F6-7377AF439A76}.Debug|Any CPU.Build.0 = Debug|Any CPU
		{128619B8-890C-4CAB-A0F6-7377AF439A76}.Release|Any CPU.ActiveCfg = Release|Any CPU
		{128619B8-890C-4CAB-A0F6-7377AF439A76}.Release|Any CPU.Build.0 = Release|Any CPU
		{3EE499DE-CF4D-4B10-AAE6-3774892C0000}.Debug|Any CPU.ActiveCfg = Debug|Any CPU
		{3EE499DE-CF4D-4B10-AAE6-3774892C0000}.Debug|Any CPU.Build.0 = Debug|Any CPU
		{3EE499DE-CF4D-4B10-AAE6-3774892C0000}.Release|Any CPU.ActiveCfg = Release|Any CPU
		{3EE499DE-CF4D-4B10-AAE6-3774892C0000}.Release|Any CPU.Build.0 = Release|Any CPU
		{56E1E9A4-6E9E-4E84-8C42-FE2F51A18E8D}.Debug|Any CPU.ActiveCfg = Debug|Any CPU
		{56E1E9A4-6E9E-4E84-8C42-FE2F51A18E8D}.Debug|Any CPU.Build.0 = Debug|Any CPU
		{56E1E9A4-6E9E-4E84-8C42-FE2F51A18E8D}.Release|Any CPU.ActiveCfg = Release|Any CPU
		{56E1E9A4-6E9E-4E84-8C42-FE2F51A18E8D}.Release|Any CPU.Build.0 = Release|Any CPU
	EndGlobalSection
	GlobalSection(SolutionProperties) = preSolution
		HideSolutionNode = FALSE
	EndGlobalSection
	GlobalSection(ExtensibilityGlobals) = postSolution
		SolutionGuid = {561310B2-E009-47AE-B4F7-0AA9580E1C5C}
	EndGlobalSection
EndGlobal
